
Microsoft Visual Studio Solution File, Format Version 12.00
# Visual Studio Version 16
VisualStudioVersion = 16.0.31129.286
MinimumVisualStudioVersion = 10.0.40219.1
Project("{9A19103F-16F7-4668-BE54-9A1E7A4F7556}") = "PlayerAPI.API", "PlayerAPI.API\PlayerAPI.API.csproj", "{4063250D-959F-4EE3-92FD-E9BDF7173CAE}"
EndProject
Project("{9A19103F-16F7-4668-BE54-9A1E7A4F7556}") = "PlayerAPI.Test", "PlayerAPI.Test\PlayerAPI.Test.csproj", "{92BBBA08-16C1-498F-B472-35E1562984FD}"
EndProject
Project("{FAE04EC0-301F-11D3-BF4B-00C04F79EFBC}") = "PlayerAPI.Models", "PlayerAPI.Models\PlayerAPI.Models.csproj", "{771F1F4A-4E27-41C7-AA6A-A523CEC3F3E3}"
EndProject
Project("{FAE04EC0-301F-11D3-BF4B-00C04F79EFBC}") = "PlayerAPI.Services", "PlayerAPI.Services\PlayerAPI.Services.csproj", "{AD2C05D6-7A55-4430-9045-B11A85F9D9D0}"
EndProject
Global
	GlobalSection(SolutionConfigurationPlatforms) = preSolution
		Debug|Any CPU = Debug|Any CPU
		Release|Any CPU = Release|Any CPU
	EndGlobalSection
	GlobalSection(ProjectConfigurationPlatforms) = postSolution
		{4063250D-959F-4EE3-92FD-E9BDF7173CAE}.Debug|Any CPU.ActiveCfg = Debug|Any CPU
		{4063250D-959F-4EE3-92FD-E9BDF7173CAE}.Debug|Any CPU.Build.0 = Debug|Any CPU
		{4063250D-959F-4EE3-92FD-E9BDF7173CAE}.Release|Any CPU.ActiveCfg = Release|Any CPU
		{4063250D-959F-4EE3-92FD-E9BDF7173CAE}.Release|Any CPU.Build.0 = Release|Any CPU
		{92BBBA08-16C1-498F-B472-35E1562984FD}.Debug|Any CPU.ActiveCfg = Debug|Any CPU
		{92BBBA08-16C1-498F-B472-35E1562984FD}.Debug|Any CPU.Build.0 = Debug|Any CPU
		{92BBBA08-16C1-498F-B472-35E1562984FD}.Release|Any CPU.ActiveCfg = Release|Any CPU
		{92BBBA08-16C1-498F-B472-35E1562984FD}.Release|Any CPU.Build.0 = Release|Any CPU
		{771F1F4A-4E27-41C7-AA6A-A523CEC3F3E3}.Debug|Any CPU.ActiveCfg = Debug|Any CPU
		{771F1F4A-4E27-41C7-AA6A-A523CEC3F3E3}.Debug|Any CPU.Build.0 = Debug|Any CPU
		{771F1F4A-4E27-41C7-AA6A-A523CEC3F3E3}.Release|Any CPU.ActiveCfg = Release|Any CPU
		{771F1F4A-4E27-41C7-AA6A-A523CEC3F3E3}.Release|Any CPU.Build.0 = Release|Any CPU
		{AD2C05D6-7A55-4430-9045-B11A85F9D9D0}.Debug|Any CPU.ActiveCfg = Debug|Any CPU
		{AD2C05D6-7A55-4430-9045-B11A85F9D9D0}.Debug|Any CPU.Build.0 = Debug|Any CPU
		{AD2C05D6-7A55-4430-9045-B11A85F9D9D0}.Release|Any CPU.ActiveCfg = Release|Any CPU
		{AD2C05D6-7A55-4430-9045-B11A85F9D9D0}.Release|Any CPU.Build.0 = Release|Any CPU
	EndGlobalSection
	GlobalSection(SolutionProperties) = preSolution
		HideSolutionNode = FALSE
	EndGlobalSection
	GlobalSection(ExtensibilityGlobals) = postSolution
		SolutionGuid = {9A12E50E-FD0E-4D85-B248-E951A0A4D01F}
	EndGlobalSection
EndGlobal
